
Microsoft Visual Studio Solution File, Format Version 12.00
# Visual Studio Version 17
VisualStudioVersion = 17.7.34031.279
MinimumVisualStudioVersion = 10.0.40219.1
Project("{FAE04EC0-301F-11D3-BF4B-00C04F79EFBC}") = "GeographyCalculator", "GeographyCalculator\GeographyCalculator.csproj", "{3E79499D-765D-443E-A5D5-EECB95B1820E}"
EndProject
Project("{FAE04EC0-301F-11D3-BF4B-00C04F79EFBC}") = "UnitTests", "UnitTests\UnitTests.csproj", "{350871F0-C95D-4EDF-BBAC-89C86B30E72B}"
EndProject
Global
	GlobalSection(SolutionConfigurationPlatforms) = preSolution
		Debug|Any CPU = Debug|Any CPU
		Release|Any CPU = Release|Any CPU
	EndGlobalSection
	GlobalSection(ProjectConfigurationPlatforms) = postSolution
		{3E79499D-765D-443E-A5D5-EECB95B1820E}.Debug|Any CPU.ActiveCfg = Debug|Any CPU
		{3E79499D-765D-443E-A5D5-EECB95B1820E}.Debug|Any CPU.Build.0 = Debug|Any CPU
		{3E79499D-765D-443E-A5D5-EECB95B1820E}.Release|Any CPU.ActiveCfg = Release|Any CPU
		{3E79499D-765D-443E-A5D5-EECB95B1820E}.Release|Any CPU.Build.0 = Release|Any CPU
		{350871F0-C95D-4EDF-BBAC-89C86B30E72B}.Debug|Any CPU.ActiveCfg = Debug|Any CPU
		{350871F0-C95D-4EDF-BBAC-89C86B30E72B}.Debug|Any CPU.Build.0 = Debug|Any CPU
		{350871F0-C95D-4EDF-BBAC-89C86B30E72B}.Release|Any CPU.ActiveCfg = Release|Any CPU
		{350871F0-C95D-4EDF-BBAC-89C86B30E72B}.Release|Any CPU.Build.0 = Release|Any CPU
	EndGlobalSection
	GlobalSection(SolutionProperties) = preSolution
		HideSolutionNode = FALSE
	EndGlobalSection
	GlobalSection(ExtensibilityGlobals) = postSolution
		SolutionGuid = {16777BCE-033A-43B2-89AD-D6FC586E02C0}
	EndGlobalSection
EndGlobal
